
Microsoft Visual Studio Solution File, Format Version 12.00
# Visual Studio Version 16
VisualStudioVersion = 16.0.32106.194
MinimumVisualStudioVersion = 10.0.40219.1
Project("{FAE04EC0-301F-11D3-BF4B-00C04F79EFBC}") = "TS4SimRipper", "TS4SimRipper.csproj", "{62DF0D28-B175-4402-B69E-E609A4A79FFC}"
EndProject
Global
	GlobalSection(SolutionConfigurationPlatforms) = preSolution
		Debug|Any CPU = Debug|Any CPU
		Debug|x64 = Debug|x64
		Debug|x86 = Debug|x86
		Release|Any CPU = Release|Any CPU
		Release|x64 = Release|x64
		Release|x86 = Release|x86
	EndGlobalSection
	GlobalSection(ProjectConfigurationPlatforms) = postSolution
		{62DF0D28-B175-4402-B69E-E609A4A79FFC}.Debug|Any CPU.ActiveCfg = Debug|Any CPU
		{62DF0D28-B175-4402-B69E-E609A4A79FFC}.Debug|Any CPU.Build.0 = Debug|Any CPU
		{62DF0D28-B175-4402-B69E-E609A4A79FFC}.Debug|x64.ActiveCfg = Debug|x64
		{62DF0D28-B175-4402-B69E-E609A4A79FFC}.Debug|x64.Build.0 = Debug|x64
		{62DF0D28-B175-4402-B69E-E609A4A79FFC}.Debug|x86.ActiveCfg = Debug|x86
		{62DF0D28-B175-4402-B69E-E609A4A79FFC}.Debug|x86.Build.0 = Debug|x86
		{62DF0D28-B175-4402-B69E-E609A4A79FFC}.Release|Any CPU.ActiveCfg = Release|Any CPU
		{62DF0D28-B175-4402-B69E-E609A4A79FFC}.Release|Any CPU.Build.0 = Release|Any CPU
		{62DF0D28-B175-4402-B69E-E609A4A79FFC}.Release|x64.ActiveCfg = Release|x64
		{62DF0D28-B175-4402-B69E-E609A4A79FFC}.Release|x64.Build.0 = Release|x64
		{62DF0D28-B175-4402-B69E-E609A4A79FFC}.Release|x86.ActiveCfg = Release|x86
		{62DF0D28-B175-4402-B69E-E609A4A79FFC}.Release|x86.Build.0 = Release|x86
	EndGlobalSection
	GlobalSection(SolutionProperties) = preSolution
		HideSolutionNode = FALSE
	EndGlobalSection
	GlobalSection(ExtensibilityGlobals) = postSolution
		SolutionGuid = {999377C1-977F-4038-914D-614BE8C86BDA}
	EndGlobalSection
EndGlobal
